schema: '2.0'
stages:
  data_ingestion:
    cmd: python src/data/data_ingestion.py
    deps:
    - path: src/data/data_ingestion.py
      hash: md5
      md5: 06afd00abed02a74c110629c3370b7c4
      size: 2826
    params:
      params.yaml:
        data_ingestion.test_size: 0.2
    outs:
    - path: data/raw
      hash: md5
      md5: fb326d2eec197669f9638afde28356bf.dir
      size: 827973
      nfiles: 2
  data_preprocessing:
    cmd: python src/data/data_preprocessing.py
    deps:
    - path: data/raw
      hash: md5
      md5: fb326d2eec197669f9638afde28356bf.dir
      size: 827973
      nfiles: 2
    - path: src/data/data_preprocessing.py
      hash: md5
      md5: 091ae860e1f037ba9f29274bf69de5ec
      size: 3388
    outs:
    - path: data/processed
      hash: md5
      md5: 55e6e85cc4dd13cd1510fdd1f2aff839.dir
      size: 553698
      nfiles: 2
  feature_engineering:
    cmd: python src/features/feature_engineering.py
    deps:
    - path: data/processed
      hash: md5
      md5: 55e6e85cc4dd13cd1510fdd1f2aff839.dir
      size: 553698
      nfiles: 2
    - path: src/features/feature_engineering.py
      hash: md5
      md5: f2c8fbe6d51e99bf8a33e965e412fde3
      size: 3680
    params:
      params.yaml:
        feature_engineering.max_features: 50
    outs:
    - path: data/features
      hash: md5
      md5: ab555899e7fb7133218634ec764acd2b.dir
      size: 1068610
      nfiles: 2
  model_building:
    cmd: python src/model/model_building.py
    deps:
    - path: data/features
      hash: md5
      md5: ab555899e7fb7133218634ec764acd2b.dir
      size: 1068610
      nfiles: 2
    - path: src/model/model_building.py
      hash: md5
      md5: 40df63cfe2a13e5c96687722162bf659
      size: 2405
    params:
      params.yaml:
        model_building.learning_rate: 0.1
        model_building.n_estimators: 50
    outs:
    - path: models/model.pkl
      hash: md5
      md5: d7a96933c3ee9c4a8e0b6fcabd94df81
      size: 71376
  model_evalution:
    cmd: python src/model/model_evalution.py
    deps:
    - path: data/features
      hash: md5
      md5: ab555899e7fb7133218634ec764acd2b.dir
      size: 1068610
      nfiles: 2
    - path: src/model/model_evalution.py
      hash: md5
      md5: 116e12fd8be8f8e6854cff09b1191edc
      size: 2481
    outs:
    - path: reports/metrics.json
      hash: md5
      md5: 99c45e7040ecd699124d00b680b5feb7.dir
      size: 150
      nfiles: 1
